
Microsoft Visual Studio Solution File, Format Version 12.00
# Visual Studio Version 17
VisualStudioVersion = 17.0.31903.59
MinimumVisualStudioVersion = 10.0.40219.1
Project("{FAE04EC0-301F-11D3-BF4B-00C04F79EFBC}") = "SuperHeroQuotes.Api", "SuperHeroQuotes.Api\SuperHeroQuotes.Api.csproj", "{239FE49B-B195-4635-BB31-FC39EB35F3A4}"
EndProject
Global
	GlobalSection(SolutionConfigurationPlatforms) = preSolution
		Debug|Any CPU = Debug|Any CPU
		Release|Any CPU = Release|Any CPU
	EndGlobalSection
	GlobalSection(SolutionProperties) = preSolution
		HideSolutionNode = FALSE
	EndGlobalSection
	GlobalSection(NestedProjects) = preSolution
	EndGlobalSection
	GlobalSection(ProjectConfigurationPlatforms) = postSolution
		{239FE49B-B195-4635-BB31-FC39EB35F3A4}.Debug|Any CPU.ActiveCfg = Debug|Any CPU
		{239FE49B-B195-4635-BB31-FC39EB35F3A4}.Debug|Any CPU.Build.0 = Debug|Any CPU
		{239FE49B-B195-4635-BB31-FC39EB35F3A4}.Release|Any CPU.ActiveCfg = Release|Any CPU
		{239FE49B-B195-4635-BB31-FC39EB35F3A4}.Release|Any CPU.Build.0 = Release|Any CPU
	EndGlobalSection
EndGlobal
